// !$*UTF8*$!
{
	archiveVersion = 1;
	classes = {
	};
	objectVersion = 56;
	objects = {

/* Begin PBXBuildFile section */
		E290ACD72BA31BAD00B15519 /* DocApp.swift in Sources */ = {isa = PBXBuildFile; fileRef = E290ACD62BA31BAD00B15519 /* DocApp.swift */; };
		E290ACD92BA31BAD00B15519 /* ContentView.swift in Sources */ = {isa = PBXBuildFile; fileRef = E290ACD82BA31BAD00B15519 /* ContentView.swift */; };
		E290ACDB2BA31BAE00B15519 /* Assets.xcassets in Resources */ = {isa = PBXBuildFile; fileRef = E290ACDA2BA31BAE00B15519 /* Assets.xcassets */; };
		E290ACDE2BA31BAE00B15519 /* Preview Assets.xcassets in Resources */ = {isa = PBXBuildFile; fileRef = E290ACDD2BA31BAE00B15519 /* Preview Assets.xcassets */; };
		E290ACE52BA31CAD00B15519 /* DoctorPreviewView.swift in Sources */ = {isa = PBXBuildFile; fileRef = E290ACE42BA31CAD00B15519 /* DoctorPreviewView.swift */; };
		E290AD092BA4055200B15519 /* DoctorsDataLoader.swift in Sources */ = {isa = PBXBuildFile; fileRef = E290AD082BA4055200B15519 /* DoctorsDataLoader.swift */; };
		E290AD0D2BA40B3B00B15519 /* DoctorsResponseModels.swift in Sources */ = {isa = PBXBuildFile; fileRef = E290AD0C2BA40B3B00B15519 /* DoctorsResponseModels.swift */; };
		E290AD0F2BA411CE00B15519 /* DoctorPreviewViewModel.swift in Sources */ = {isa = PBXBuildFile; fileRef = E290AD0E2BA411CE00B15519 /* DoctorPreviewViewModel.swift */; };
		E290AD162BA5A52B00B15519 /* DoctorModel.swift in Sources */ = {isa = PBXBuildFile; fileRef = E290AD152BA5A52B00B15519 /* DoctorModel.swift */; };
		E290AD182BA5A8B500B15519 /* DataConverter.swift in Sources */ = {isa = PBXBuildFile; fileRef = E290AD172BA5A8B500B15519 /* DataConverter.swift */; };
		E290AD1A2BA5AF4400B15519 /* DoctorAvatarView.swift in Sources */ = {isa = PBXBuildFile; fileRef = E290AD192BA5AF4400B15519 /* DoctorAvatarView.swift */; };
		E290AD1D2BA5AF7400B15519 /* Kingfisher in Frameworks */ = {isa = PBXBuildFile; productRef = E290AD1C2BA5AF7400B15519 /* Kingfisher */; };
		E290AD202BA5CDAD00B15519 /* DoctorDetailView.swift in Sources */ = {isa = PBXBuildFile; fileRef = E290AD1F2BA5CDAD00B15519 /* DoctorDetailView.swift */; };
		E290AD242BA6CCC200B15519 /* SortButton.swift in Sources */ = {isa = PBXBuildFile; fileRef = E290AD232BA6CCC200B15519 /* SortButton.swift */; };
/* End PBXBuildFile section */

/* Begin PBXFileReference section */
		E290ACD32BA31BAD00B15519 /* Doc.app */ = {isa = PBXFileReference; explicitFileType = wrapper.application; includeInIndex = 0; path = Doc.app; sourceTree = BUILT_PRODUCTS_DIR; };
		E290ACD62BA31BAD00B15519 /* DocApp.swift */ = {isa = PBXFileReference; lastKnownFileType = sourcecode.swift; path = DocApp.swift; sourceTree = "<group>"; };
		E290ACD82BA31BAD00B15519 /* ContentView.swift */ = {isa = PBXFileReference; lastKnownFileType = sourcecode.swift; path = ContentView.swift; sourceTree = "<group>"; };
		E290ACDA2BA31BAE00B15519 /* Assets.xcassets */ = {isa = PBXFileReference; lastKnownFileType = folder.assetcatalog; path = Assets.xcassets; sourceTree = "<group>"; };
		E290ACDD2BA31BAE00B15519 /* Preview Assets.xcassets */ = {isa = PBXFileReference; lastKnownFileType = folder.assetcatalog; path = "Preview Assets.xcassets"; sourceTree = "<group>"; };
		E290ACE42BA31CAD00B15519 /* DoctorPreviewView.swift */ = {isa = PBXFileReference; lastKnownFileType = sourcecode.swift; path = DoctorPreviewView.swift; sourceTree = "<group>"; };
		E290AD082BA4055200B15519 /* DoctorsDataLoader.swift */ = {isa = PBXFileReference; lastKnownFileType = sourcecode.swift; path = DoctorsDataLoader.swift; sourceTree = "<group>"; };
		E290AD0C2BA40B3B00B15519 /* DoctorsResponseModels.swift */ = {isa = PBXFileReference; lastKnownFileType = sourcecode.swift; path = DoctorsResponseModels.swift; sourceTree = "<group>"; };
		E290AD0E2BA411CE00B15519 /* DoctorPreviewViewModel.swift */ = {isa = PBXFileReference; lastKnownFileType = sourcecode.swift; path = DoctorPreviewViewModel.swift; sourceTree = "<group>"; };
		E290AD152BA5A52B00B15519 /* DoctorModel.swift */ = {isa = PBXFileReference; lastKnownFileType = sourcecode.swift; path = DoctorModel.swift; sourceTree = "<group>"; };
		E290AD172BA5A8B500B15519 /* DataConverter.swift */ = {isa = PBXFileReference; lastKnownFileType = sourcecode.swift; path = DataConverter.swift; sourceTree = "<group>"; };
		E290AD192BA5AF4400B15519 /* DoctorAvatarView.swift */ = {isa = PBXFileReference; lastKnownFileType = sourcecode.swift; path = DoctorAvatarView.swift; sourceTree = "<group>"; };
		E290AD1F2BA5CDAD00B15519 /* DoctorDetailView.swift */ = {isa = PBXFileReference; lastKnownFileType = sourcecode.swift; path = DoctorDetailView.swift; sourceTree = "<group>"; };
		E290AD232BA6CCC200B15519 /* SortButton.swift */ = {isa = PBXFileReference; lastKnownFileType = sourcecode.swift; path = SortButton.swift; sourceTree = "<group>"; };
/* End PBXFileReference section */

/* Begin PBXFrameworksBuildPhase section */
		E290ACD02BA31BAD00B15519 /* Frameworks */ = {
			isa = PBXFrameworksBuildPhase;
			buildActionMask = 2147483647;
			files = (
				E290AD1D2BA5AF7400B15519 /* Kingfisher in Frameworks */,
			);
			runOnlyForDeploymentPostprocessing = 0;
		};
/* End PBXFrameworksBuildPhase section */

/* Begin PBXGroup section */
		E290ACCA2BA31BAD00B15519 = {
			isa = PBXGroup;
			children = (
				E290ACD52BA31BAD00B15519 /* Doc */,
				E290ACD42BA31BAD00B15519 /* Products */,
			);
			sourceTree = "<group>";
		};
		E290ACD42BA31BAD00B15519 /* Products */ = {
			isa = PBXGroup;
			children = (
				E290ACD32BA31BAD00B15519 /* Doc.app */,
			);
			name = Products;
			sourceTree = "<group>";
		};
		E290ACD52BA31BAD00B15519 /* Doc */ = {
			isa = PBXGroup;
			children = (
				E290AD1E2BA5CD8F00B15519 /* DetailDoctorModule */,
				E290AD142BA5A35B00B15519 /* NetworkLayer */,
				E290AD102BA5A2D100B15519 /* DoctorsModule */,
				E290ACD62BA31BAD00B15519 /* DocApp.swift */,
				E290ACD82BA31BAD00B15519 /* ContentView.swift */,
				E290ACDA2BA31BAE00B15519 /* Assets.xcassets */,
				E290ACDC2BA31BAE00B15519 /* Preview Content */,
				E290AD232BA6CCC200B15519 /* SortButton.swift */,
			);
			path = Doc;
			sourceTree = "<group>";
		};
		E290ACDC2BA31BAE00B15519 /* Preview Content */ = {
			isa = PBXGroup;
			children = (
				E290ACDD2BA31BAE00B15519 /* Preview Assets.xcassets */,
			);
			path = "Preview Content";
			sourceTree = "<group>";
		};
		E290AD102BA5A2D100B15519 /* DoctorsModule */ = {
			isa = PBXGroup;
			children = (
				E290AD132BA5A2EE00B15519 /* Model */,
				E290AD122BA5A2E700B15519 /* ViewModel */,
				E290AD112BA5A2E100B15519 /* View */,
			);
			path = DoctorsModule;
			sourceTree = "<group>";
		};
		E290AD112BA5A2E100B15519 /* View */ = {
			isa = PBXGroup;
			children = (
				E290ACE42BA31CAD00B15519 /* DoctorPreviewView.swift */,
				E290AD192BA5AF4400B15519 /* DoctorAvatarView.swift */,
			);
			path = View;
			sourceTree = "<group>";
		};
		E290AD122BA5A2E700B15519 /* ViewModel */ = {
			isa = PBXGroup;
			children = (
				E290AD0E2BA411CE00B15519 /* DoctorPreviewViewModel.swift */,
			);
			path = ViewModel;
			sourceTree = "<group>";
		};
		E290AD132BA5A2EE00B15519 /* Model */ = {
			isa = PBXGroup;
			children = (
				E290AD152BA5A52B00B15519 /* DoctorModel.swift */,
				E290AD172BA5A8B500B15519 /* DataConverter.swift */,
			);
			path = Model;
			sourceTree = "<group>";
		};
		E290AD142BA5A35B00B15519 /* NetworkLayer */ = {
			isa = PBXGroup;
			children = (
				E290AD082BA4055200B15519 /* DoctorsDataLoader.swift */,
				E290AD0C2BA40B3B00B15519 /* DoctorsResponseModels.swift */,
			);
			path = NetworkLayer;
			sourceTree = "<group>";
		};
		E290AD1E2BA5CD8F00B15519 /* DetailDoctorModule */ = {
			isa = PBXGroup;
			children = (
				E290AD1F2BA5CDAD00B15519 /* DoctorDetailView.swift */,
			);
			path = DetailDoctorModule;
			sourceTree = "<group>";
		};
/* End PBXGroup section */

/* Begin PBXNativeTarget section */
		E290ACD22BA31BAD00B15519 /* Doc */ = {
			isa = PBXNativeTarget;
			buildConfigurationList = E290ACE12BA31BAE00B15519 /* Build configuration list for PBXNativeTarget "Doc" */;
			buildPhases = (
				E290ACCF2BA31BAD00B15519 /* Sources */,
				E290ACD02BA31BAD00B15519 /* Frameworks */,
				E290ACD12BA31BAD00B15519 /* Resources */,
			);
			buildRules = (
			);
			dependencies = (
			);
			name = Doc;
			packageProductDependencies = (
				E290AD1C2BA5AF7400B15519 /* Kingfisher */,
			);
			productName = Doc;
			productReference = E290ACD32BA31BAD00B15519 /* Doc.app */;
			productType = "com.apple.product-type.application";
		};
/* End PBXNativeTarget section */

/* Begin PBXProject section */
		E290ACCB2BA31BAD00B15519 /* Project object */ = {
			isa = PBXProject;
			attributes = {
				BuildIndependentTargetsInParallel = 1;
				LastSwiftUpdateCheck = 1500;
				LastUpgradeCheck = 1500;
				TargetAttributes = {
					E290ACD22BA31BAD00B15519 = {
						CreatedOnToolsVersion = 15.0;
					};
				};
			};
			buildConfigurationList = E290ACCE2BA31BAD00B15519 /* Build configuration list for PBXProject "Doc" */;
			compatibilityVersion = "Xcode 14.0";
			developmentRegion = en;
			hasScannedForEncodings = 0;
			knownRegions = (
				en,
				Base,
			);
			mainGroup = E290ACCA2BA31BAD00B15519;
			packageReferences = (
				E290AD1B2BA5AF7400B15519 /* XCRemoteSwiftPackageReference "Kingfisher" */,
			);
			productRefGroup = E290ACD42BA31BAD00B15519 /* Products */;
			projectDirPath = "";
			projectRoot = "";
			targets = (
				E290ACD22BA31BAD00B15519 /* Doc */,
			);
		};
/* End PBXProject section */

/* Begin PBXResourcesBuildPhase section */
		E290ACD12BA31BAD00B15519 /* Resources */ = {
			isa = PBXResourcesBuildPhase;
			buildActionMask = 2147483647;
			files = (
				E290ACDE2BA31BAE00B15519 /* Preview Assets.xcassets in Resources */,
				E290ACDB2BA31BAE00B15519 /* Assets.xcassets in Resources */,
			);
			runOnlyForDeploymentPostprocessing = 0;
		};
/* End PBXResourcesBuildPhase section */

/* Begin PBXSourcesBuildPhase section */
		E290ACCF2BA31BAD00B15519 /* Sources */ = {
			isa = PBXSourcesBuildPhase;
			buildActionMask = 2147483647;
			files = (
				E290AD182BA5A8B500B15519 /* DataConverter.swift in Sources */,
				E290AD0F2BA411CE00B15519 /* DoctorPreviewViewModel.swift in Sources */,
				E290AD162BA5A52B00B15519 /* DoctorModel.swift in Sources */,
				E290AD242BA6CCC200B15519 /* SortButton.swift in Sources */,
				E290ACD92BA31BAD00B15519 /* ContentView.swift in Sources */,
				E290AD092BA4055200B15519 /* DoctorsDataLoader.swift in Sources */,
				E290ACD72BA31BAD00B15519 /* DocApp.swift in Sources */,
				E290ACE52BA31CAD00B15519 /* DoctorPreviewView.swift in Sources */,
				E290AD0D2BA40B3B00B15519 /* DoctorsResponseModels.swift in Sources */,
				E290AD202BA5CDAD00B15519 /* DoctorDetailView.swift in Sources */,
				E290AD1A2BA5AF4400B15519 /* DoctorAvatarView.swift in Sources */,
			);
			runOnlyForDeploymentPostprocessing = 0;
		};
/* End PBXSourcesBuildPhase section */

/* Begin XCBuildConfiguration section */
		E290ACDF2BA31BAE00B15519 /* Debug */ = {
			isa = XCBuildConfiguration;
			buildSettings = {
				ALWAYS_SEARCH_USER_PATHS = NO;
				ASSETCATALOG_COMPILER_GENERATE_SWIFT_ASSET_SYMBOL_EXTENSIONS = YES;
				CLANG_ANALYZER_NONNULL = YES;
				CLANG_ANALYZER_NUMBER_OBJECT_CONVERSION = YES_AGGRESSIVE;
				CLANG_CXX_LANGUAGE_STANDARD = "gnu++20";
				CLANG_ENABLE_MODULES = YES;
				CLANG_ENABLE_OBJC_ARC = YES;
				CLANG_ENABLE_OBJC_WEAK = YES;
				CLANG_WARN_BLOCK_CAPTURE_AUTORELEASING = YES;
				CLANG_WARN_BOOL_CONVERSION = YES;
				CLANG_WARN_COMMA = YES;
				CLANG_WARN_CONSTANT_CONVERSION = YES;
				CLANG_WARN_DEPRECATED_OBJC_IMPLEMENTATIONS = YES;
				CLANG_WARN_DIRECT_OBJC_ISA_USAGE = YES_ERROR;
				CLANG_WARN_DOCUMENTATION_COMMENTS = YES;
				CLANG_WARN_EMPTY_BODY = YES;
				CLANG_WARN_ENUM_CONVERSION = YES;
				CLANG_WARN_INFINITE_RECURSION = YES;
				CLANG_WARN_INT_CONVERSION = YES;
				CLANG_WARN_NON_LITERAL_NULL_CONVERSION = YES;
				CLANG_WARN_OBJC_IMPLICIT_RETAIN_SELF = YES;
				CLANG_WARN_OBJC_LITERAL_CONVERSION = YES;
				CLANG_WARN_OBJC_ROOT_CLASS = YES_ERROR;
				CLANG_WARN_QUOTED_INCLUDE_IN_FRAMEWORK_HEADER = YES;
				CLANG_WARN_RANGE_LOOP_ANALYSIS = YES;
				CLANG_WARN_STRICT_PROTOTYPES = YES;
				CLANG_WARN_SUSPICIOUS_MOVE = YES;
				CLANG_WARN_UNGUARDED_AVAILABILITY = YES_AGGRESSIVE;
				CLANG_WARN_UNREACHABLE_CODE = YES;
				CLANG_WARN__DUPLICATE_METHOD_MATCH = YES;
				COPY_PHASE_STRIP = NO;
				DEBUG_INFORMATION_FORMAT = dwarf;
				ENABLE_STRICT_OBJC_MSGSEND = YES;
				ENABLE_TESTABILITY = YES;
				ENABLE_USER_SCRIPT_SANDBOXING = YES;
				GCC_C_LANGUAGE_STANDARD = gnu17;
				GCC_DYNAMIC_NO_PIC = NO;
				GCC_NO_COMMON_BLOCKS = YES;
				GCC_OPTIMIZATION_LEVEL = 0;
				GCC_PREPROCESSOR_DEFINITIONS = (
					"DEBUG=1",
					"$(inherited)",
				);
				GCC_WARN_64_TO_32_BIT_CONVERSION = YES;
				GCC_WARN_ABOUT_RETURN_TYPE = YES_ERROR;
				GCC_WARN_UNDECLARED_SELECTOR = YES;
				GCC_WARN_UNINITIALIZED_AUTOS = YES_AGGRESSIVE;
				GCC_WARN_UNUSED_FUNCTION = YES;
				GCC_WARN_UNUSED_VARIABLE = YES;
				IPHONEOS_DEPLOYMENT_TARGET = 17.0;
				LOCALIZATION_PREFERS_STRING_CATALOGS = YES;
				MTL_ENABLE_DEBUG_INFO = INCLUDE_SOURCE;
				MTL_FAST_MATH = YES;
				ONLY_ACTIVE_ARCH = YES;
				SDKROOT = iphoneos;
				SWIFT_ACTIVE_COMPILATION_CONDITIONS = "DEBUG $(inherited)";
				SWIFT_OPTIMIZATION_LEVEL = "-Onone";
			};
			name = Debug;
		};
		E290ACE02BA31BAE00B15519 /* Release */ = {
			isa = XCBuildConfiguration;
			buildSettings = {
				ALWAYS_SEARCH_USER_PATHS = NO;
				ASSETCATALOG_COMPILER_GENERATE_SWIFT_ASSET_SYMBOL_EXTENSIONS = YES;
				CLANG_ANALYZER_NONNULL = YES;
				CLANG_ANALYZER_NUMBER_OBJECT_CONVERSION = YES_AGGRESSIVE;
				CLANG_CXX_LANGUAGE_STANDARD = "gnu++20";
				CLANG_ENABLE_MODULES = YES;
				CLANG_ENABLE_OBJC_ARC = YES;
				CLANG_ENABLE_OBJC_WEAK = YES;
				CLANG_WARN_BLOCK_CAPTURE_AUTORELEASING = YES;
				CLANG_WARN_BOOL_CONVERSION = YES;
				CLANG_WARN_COMMA = YES;
				CLANG_WARN_CONSTANT_CONVERSION = YES;
				CLANG_WARN_DEPRECATED_OBJC_IMPLEMENTATIONS = YES;
				CLANG_WARN_DIRECT_OBJC_ISA_USAGE = YES_ERROR;
				CLANG_WARN_DOCUMENTATION_COMMENTS = YES;
				CLANG_WARN_EMPTY_BODY = YES;
				CLANG_WARN_ENUM_CONVERSION = YES;
				CLANG_WARN_INFINITE_RECURSION = YES;
				CLANG_WARN_INT_CONVERSION = YES;
				CLANG_WARN_NON_LITERAL_NULL_CONVERSION = YES;
				CLANG_WARN_OBJC_IMPLICIT_RETAIN_SELF = YES;
				CLANG_WARN_OBJC_LITERAL_CONVERSION = YES;
				CLANG_WARN_OBJC_ROOT_CLASS = YES_ERROR;
				CLANG_WARN_QUOTED_INCLUDE_IN_FRAMEWORK_HEADER = YES;
				CLANG_WARN_RANGE_LOOP_ANALYSIS = YES;
				CLANG_WARN_STRICT_PROTOTYPES = YES;
				CLANG_WARN_SUSPICIOUS_MOVE = YES;
				CLANG_WARN_UNGUARDED_AVAILABILITY = YES_AGGRESSIVE;
				CLANG_WARN_UNREACHABLE_CODE = YES;
				CLANG_WARN__DUPLICATE_METHOD_MATCH = YES;
				COPY_PHASE_STRIP = NO;
				DEBUG_INFORMATION_FORMAT = "dwarf-with-dsym";
				ENABLE_NS_ASSERTIONS = NO;
				ENABLE_STRICT_OBJC_MSGSEND = YES;
				ENABLE_USER_SCRIPT_SANDBOXING = YES;
				GCC_C_LANGUAGE_STANDARD = gnu17;
				GCC_NO_COMMON_BLOCKS = YES;
				GCC_WARN_64_TO_32_BIT_CONVERSION = YES;
				GCC_WARN_ABOUT_RETURN_TYPE = YES_ERROR;
				GCC_WARN_UNDECLARED_SELECTOR = YES;
				GCC_WARN_UNINITIALIZED_AUTOS = YES_AGGRESSIVE;
				GCC_WARN_UNUSED_FUNCTION = YES;
				GCC_WARN_UNUSED_VARIABLE = YES;
				IPHONEOS_DEPLOYMENT_TARGET = 17.0;
				LOCALIZATION_PREFERS_STRING_CATALOGS = YES;
				MTL_ENABLE_DEBUG_INFO = NO;
				MTL_FAST_MATH = YES;
				SDKROOT = iphoneos;
				SWIFT_COMPILATION_MODE = wholemodule;
				VALIDATE_PRODUCT = YES;
			};
			name = Release;
		};
		E290ACE22BA31BAE00B15519 /* Debug */ = {
			isa = XCBuildConfiguration;
			buildSettings = {
				ASSETCATALOG_COMPILER_APPICON_NAME = AppIcon;
				ASSETCATALOG_COMPILER_GLOBAL_ACCENT_COLOR_NAME = AccentColor;
				CODE_SIGN_STYLE = Automatic;
				CURRENT_PROJECT_VERSION = 1;
				DEVELOPMENT_ASSET_PATHS = "\"Doc/Preview Content\"";
				DEVELOPMENT_TEAM = G2Z3KJVPLW;
				ENABLE_PREVIEWS = YES;
				GENERATE_INFOPLIST_FILE = YES;
				INFOPLIST_KEY_UIApplicationSceneManifest_Generation = YES;
				INFOPLIST_KEY_UIApplicationSupportsIndirectInputEvents = YES;
				INFOPLIST_KEY_UILaunchScreen_Generation = YES;
				INFOPLIST_KEY_UISupportedInterfaceOrientations_iPad = "UIInterfaceOrientationPortrait UIInterfaceOrientationPortraitUpsideDown UIInterfaceOrientationLandscapeLeft UIInterfaceOrientationLandscapeRight";
				INFOPLIST_KEY_UISupportedInterfaceOrientations_iPhone = "UIInterfaceOrientationPortrait UIInterfaceOrientationLandscapeLeft UIInterfaceOrientationLandscapeRight";
				LD_RUNPATH_SEARCH_PATHS = (
					"$(inherited)",
					"@executable_path/Frameworks",
				);
				MARKETING_VERSION = 1.0;
				PRODUCT_BUNDLE_IDENTIFIER = com.agaripov.Doc;
				PRODUCT_NAME = "$(TARGET_NAME)";
				SWIFT_EMIT_LOC_STRINGS = YES;
				SWIFT_VERSION = 5.0;
				TARGETED_DEVICE_FAMILY = "1,2";
			};
			name = Debug;
		};
		E290ACE32BA31BAE00B15519 /* Release */ = {
			isa = XCBuildConfiguration;
			buildSettings = {
				ASSETCATALOG_COMPILER_APPICON_NAME = AppIcon;
				ASSETCATALOG_COMPILER_GLOBAL_ACCENT_COLOR_NAME = AccentColor;
				CODE_SIGN_STYLE = Automatic;
				CURRENT_PROJECT_VERSION = 1;
				DEVELOPMENT_ASSET_PATHS = "\"Doc/Preview Content\"";
				DEVELOPMENT_TEAM = G2Z3KJVPLW;
				ENABLE_PREVIEWS = YES;
				GENERATE_INFOPLIST_FILE = YES;
				INFOPLIST_KEY_UIApplicationSceneManifest_Generation = YES;
				INFOPLIST_KEY_UIApplicationSupportsIndirectInputEvents = YES;
				INFOPLIST_KEY_UILaunchScreen_Generation = YES;
				INFOPLIST_KEY_UISupportedInterfaceOrientations_iPad = "UIInterfaceOrientationPortrait UIInterfaceOrientationPortraitUpsideDown UIInterfaceOrientationLandscapeLeft UIInterfaceOrientationLandscapeRight";
				INFOPLIST_KEY_UISupportedInterfaceOrientations_iPhone = "UIInterfaceOrientationPortrait UIInterfaceOrientationLandscapeLeft UIInterfaceOrientationLandscapeRight";
				LD_RUNPATH_SEARCH_PATHS = (
					"$(inherited)",
					"@executable_path/Frameworks",
				);
				MARKETING_VERSION = 1.0;
				PRODUCT_BUNDLE_IDENTIFIER = com.agaripov.Doc;
				PRODUCT_NAME = "$(TARGET_NAME)";
				SWIFT_EMIT_LOC_STRINGS = YES;
				SWIFT_VERSION = 5.0;
				TARGETED_DEVICE_FAMILY = "1,2";
			};
			name = Release;
		};
/* End XCBuildConfiguration section */

/* Begin XCConfigurationList section */
		E290ACCE2BA31BAD00B15519 /* Build configuration list for PBXProject "Doc" */ = {
			isa = XCConfigurationList;
			buildConfigurations = (
				E290ACDF2BA31BAE00B15519 /* Debug */,
				E290ACE02BA31BAE00B15519 /* Release */,
			);
			defaultConfigurationIsVisible = 0;
			defaultConfigurationName = Release;
		};
		E290ACE12BA31BAE00B15519 /* Build configuration list for PBXNativeTarget "Doc" */ = {
			isa = XCConfigurationList;
			buildConfigurations = (
				E290ACE22BA31BAE00B15519 /* Debug */,
				E290ACE32BA31BAE00B15519 /* Release */,
			);
			defaultConfigurationIsVisible = 0;
			defaultConfigurationName = Release;
		};
/* End XCConfigurationList section */

/* Begin XCRemoteSwiftPackageReference section */
		E290AD1B2BA5AF7400B15519 /* XCRemoteSwiftPackageReference "Kingfisher" */ = {
			isa = XCRemoteSwiftPackageReference;
			repositoryURL = "https://github.com/onevcat/Kingfisher";
			requirement = {
				kind = upToNextMajorVersion;
				minimumVersion = 7.11.0;
			};
		};
/* End XCRemoteSwiftPackageReference section */

/* Begin XCSwiftPackageProductDependency section */
		E290AD1C2BA5AF7400B15519 /* Kingfisher */ = {
			isa = XCSwiftPackageProductDependency;
			package = E290AD1B2BA5AF7400B15519 /* XCRemoteSwiftPackageReference "Kingfisher" */;
			productName = Kingfisher;
		};
/* End XCSwiftPackageProductDependency section */
	};
	rootObject = E290ACCB2BA31BAD00B15519 /* Project object */;
}
